
Microsoft Visual Studio Solution File, Format Version 12.00
# Visual Studio Version 16
VisualStudioVersion = 16.0.30128.74
MinimumVisualStudioVersion = 10.0.40219.1
Project("{FAE04EC0-301F-11D3-BF4B-00C04F79EFBC}") = "WK 4 C Sharp final hW", "WK 4 C Sharp final hW.csproj", "{5FB190C7-A1CD-4CEA-82D8-5870EEC136CD}"
EndProject
Global
	GlobalSection(SolutionConfigurationPlatforms) = preSolution
		Debug|Any CPU = Debug|Any CPU
		Release|Any CPU = Release|Any CPU
	EndGlobalSection
	GlobalSection(ProjectConfigurationPlatforms) = postSolution
		{5FB190C7-A1CD-4CEA-82D8-5870EEC136CD}.Debug|Any CPU.ActiveCfg = Debug|Any CPU
		{5FB190C7-A1CD-4CEA-82D8-5870EEC136CD}.Debug|Any CPU.Build.0 = Debug|Any CPU
		{5FB190C7-A1CD-4CEA-82D8-5870EEC136CD}.Release|Any CPU.ActiveCfg = Release|Any CPU
		{5FB190C7-A1CD-4CEA-82D8-5870EEC136CD}.Release|Any CPU.Build.0 = Release|Any CPU
	EndGlobalSection
	GlobalSection(SolutionProperties) = preSolution
		HideSolutionNode = FALSE
	EndGlobalSection
	GlobalSection(ExtensibilityGlobals) = postSolution
		SolutionGuid = {AE473980-BF58-4331-9207-AF436D0E0A06}
	EndGlobalSection
EndGlobal
